
Microsoft Visual Studio Solution File, Format Version 12.00
# Visual Studio Version 17
VisualStudioVersion = 17.11.35208.52
MinimumVisualStudioVersion = 10.0.40219.1
Project("{FAE04EC0-301F-11D3-BF4B-00C04F79EFBC}") = "GUI", "Proyecto_POO_JEREMIASGOMEZ_PIGNATAROJULIAN\GUI.csproj", "{CA77AC68-A864-4769-BEC5-8BA531F03E44}"
EndProject
Project("{FAE04EC0-301F-11D3-BF4B-00C04F79EFBC}") = "BLL", "BLL\BLL.csproj", "{52BD1F2F-49D1-47AC-8C45-4C0B8264A191}"
EndProject
Project("{FAE04EC0-301F-11D3-BF4B-00C04F79EFBC}") = "DAL_", "DAL_\DAL_.csproj", "{B8A8DCA3-7C0F-4713-BF1B-3C862B001435}"
EndProject
Project("{FAE04EC0-301F-11D3-BF4B-00C04F79EFBC}") = "BE", "BE\BE.csproj", "{7A2A346D-340D-4EE3-916C-2A6EEF813E95}"
EndProject
Global
	GlobalSection(SolutionConfigurationPlatforms) = preSolution
		Debug|Any CPU = Debug|Any CPU
		Release|Any CPU = Release|Any CPU
	EndGlobalSection
	GlobalSection(ProjectConfigurationPlatforms) = postSolution
		{CA77AC68-A864-4769-BEC5-8BA531F03E44}.Debug|Any CPU.ActiveCfg = Debug|Any CPU
		{CA77AC68-A864-4769-BEC5-8BA531F03E44}.Debug|Any CPU.Build.0 = Debug|Any CPU
		{CA77AC68-A864-4769-BEC5-8BA531F03E44}.Release|Any CPU.ActiveCfg = Release|Any CPU
		{CA77AC68-A864-4769-BEC5-8BA531F03E44}.Release|Any CPU.Build.0 = Release|Any CPU
		{52BD1F2F-49D1-47AC-8C45-4C0B8264A191}.Debug|Any CPU.ActiveCfg = Debug|Any CPU
		{52BD1F2F-49D1-47AC-8C45-4C0B8264A191}.Debug|Any CPU.Build.0 = Debug|Any CPU
		{52BD1F2F-49D1-47AC-8C45-4C0B8264A191}.Release|Any CPU.ActiveCfg = Release|Any CPU
		{52BD1F2F-49D1-47AC-8C45-4C0B8264A191}.Release|Any CPU.Build.0 = Release|Any CPU
		{B8A8DCA3-7C0F-4713-BF1B-3C862B001435}.Debug|Any CPU.ActiveCfg = Debug|Any CPU
		{B8A8DCA3-7C0F-4713-BF1B-3C862B001435}.Debug|Any CPU.Build.0 = Debug|Any CPU
		{B8A8DCA3-7C0F-4713-BF1B-3C862B001435}.Release|Any CPU.ActiveCfg = Release|Any CPU
		{B8A8DCA3-7C0F-4713-BF1B-3C862B001435}.Release|Any CPU.Build.0 = Release|Any CPU
		{7A2A346D-340D-4EE3-916C-2A6EEF813E95}.Debug|Any CPU.ActiveCfg = Debug|Any CPU
		{7A2A346D-340D-4EE3-916C-2A6EEF813E95}.Debug|Any CPU.Build.0 = Debug|Any CPU
		{7A2A346D-340D-4EE3-916C-2A6EEF813E95}.Release|Any CPU.ActiveCfg = Release|Any CPU
		{7A2A346D-340D-4EE3-916C-2A6EEF813E95}.Release|Any CPU.Build.0 = Release|Any CPU
	EndGlobalSection
	GlobalSection(SolutionProperties) = preSolution
		HideSolutionNode = FALSE
	EndGlobalSection
	GlobalSection(ExtensibilityGlobals) = postSolution
		SolutionGuid = {A7DAC3C7-ABBE-4FEE-BB5E-F69C263ACCA8}
	EndGlobalSection
EndGlobal
